
Microsoft Visual Studio Solution File, Format Version 12.00
# Visual Studio Version 17
VisualStudioVersion = 17.9.34728.123
MinimumVisualStudioVersion = 10.0.40219.1
Project("{FAE04EC0-301F-11D3-BF4B-00C04F79EFBC}") = "Day8NumberGuessing", "Day8NumberGuessing\Day8NumberGuessing.csproj", "{6FEFED31-EB5C-461B-A491-7BB92FF2FB5F}"
EndProject
Global
	GlobalSection(SolutionConfigurationPlatforms) = preSolution
		Debug|Any CPU = Debug|Any CPU
		Release|Any CPU = Release|Any CPU
	EndGlobalSection
	GlobalSection(ProjectConfigurationPlatforms) = postSolution
		{6FEFED31-EB5C-461B-A491-7BB92FF2FB5F}.Debug|Any CPU.ActiveCfg = Debug|Any CPU
		{6FEFED31-EB5C-461B-A491-7BB92FF2FB5F}.Debug|Any CPU.Build.0 = Debug|Any CPU
		{6FEFED31-EB5C-461B-A491-7BB92FF2FB5F}.Release|Any CPU.ActiveCfg = Release|Any CPU
		{6FEFED31-EB5C-461B-A491-7BB92FF2FB5F}.Release|Any CPU.Build.0 = Release|Any CPU
	EndGlobalSection
	GlobalSection(SolutionProperties) = preSolution
		HideSolutionNode = FALSE
	EndGlobalSection
	GlobalSection(ExtensibilityGlobals) = postSolution
		SolutionGuid = {D4C28292-A407-492C-905F-655E36E93D9B}
	EndGlobalSection
EndGlobal
